
Microsoft Visual Studio Solution File, Format Version 12.00
# Visual Studio Version 16
VisualStudioVersion = 16.0.31019.35
MinimumVisualStudioVersion = 10.0.40219.1
Project("{9A19103F-16F7-4668-BE54-9A1E7A4F7556}") = "MemoryRandomizer", "MemoryRandomizer\MemoryRandomizer.csproj", "{F6B97AFD-6F15-4FB0-9FA8-F44DC7289171}"
EndProject
Project("{FAE04EC0-301F-11D3-BF4B-00C04F79EFBC}") = "MemoryRandomizer.UI", "MemoryRandomizer.UI\MemoryRandomizer.UI.csproj", "{EBC592D0-4DA2-4643-98BF-A4D7F41A457B}"
EndProject
Project("{FAE04EC0-301F-11D3-BF4B-00C04F79EFBC}") = "MemoryRandomizer.Core", "MemoryRandomizer.Core\MemoryRandomizer.Core.csproj", "{27ACFD46-9406-43F7-9CA1-9FC50903308F}"
EndProject
Global
	GlobalSection(SolutionConfigurationPlatforms) = preSolution
		Debug|Any CPU = Debug|Any CPU
		Release|Any CPU = Release|Any CPU
	EndGlobalSection
	GlobalSection(ProjectConfigurationPlatforms) = postSolution
		{F6B97AFD-6F15-4FB0-9FA8-F44DC7289171}.Debug|Any CPU.ActiveCfg = Debug|Any CPU
		{F6B97AFD-6F15-4FB0-9FA8-F44DC7289171}.Debug|Any CPU.Build.0 = Debug|Any CPU
		{F6B97AFD-6F15-4FB0-9FA8-F44DC7289171}.Release|Any CPU.ActiveCfg = Release|Any CPU
		{F6B97AFD-6F15-4FB0-9FA8-F44DC7289171}.Release|Any CPU.Build.0 = Release|Any CPU
		{EBC592D0-4DA2-4643-98BF-A4D7F41A457B}.Debug|Any CPU.ActiveCfg = Debug|Any CPU
		{EBC592D0-4DA2-4643-98BF-A4D7F41A457B}.Debug|Any CPU.Build.0 = Debug|Any CPU
		{EBC592D0-4DA2-4643-98BF-A4D7F41A457B}.Release|Any CPU.ActiveCfg = Release|Any CPU
		{EBC592D0-4DA2-4643-98BF-A4D7F41A457B}.Release|Any CPU.Build.0 = Release|Any CPU
		{27ACFD46-9406-43F7-9CA1-9FC50903308F}.Debug|Any CPU.ActiveCfg = Debug|Any CPU
		{27ACFD46-9406-43F7-9CA1-9FC50903308F}.Debug|Any CPU.Build.0 = Debug|Any CPU
		{27ACFD46-9406-43F7-9CA1-9FC50903308F}.Release|Any CPU.ActiveCfg = Release|Any CPU
		{27ACFD46-9406-43F7-9CA1-9FC50903308F}.Release|Any CPU.Build.0 = Release|Any CPU
	EndGlobalSection
	GlobalSection(SolutionProperties) = preSolution
		HideSolutionNode = FALSE
	EndGlobalSection
	GlobalSection(ExtensibilityGlobals) = postSolution
		SolutionGuid = {FCC3EBC9-162F-434E-9863-54913DC14F48}
	EndGlobalSection
EndGlobal
